
Microsoft Visual Studio Solution File, Format Version 12.00
# Visual Studio 15
VisualStudioVersion = 15.0.26730.15
MinimumVisualStudioVersion = 10.0.40219.1
Project("{FAE04EC0-301F-11D3-BF4B-00C04F79EFBC}") = "ConsoleApp2", "ConsoleApp2\ConsoleApp2.csproj", "{D619F087-DCA6-495F-ACF0-535FDD7F32D0}"
EndProject
Global
	GlobalSection(SolutionConfigurationPlatforms) = preSolution
		Debug|Any CPU = Debug|Any CPU
		Release|Any CPU = Release|Any CPU
	EndGlobalSection
	GlobalSection(ProjectConfigurationPlatforms) = postSolution
		{D619F087-DCA6-495F-ACF0-535FDD7F32D0}.Debug|Any CPU.ActiveCfg = Debug|Any CPU
		{D619F087-DCA6-495F-ACF0-535FDD7F32D0}.Debug|Any CPU.Build.0 = Debug|Any CPU
		{D619F087-DCA6-495F-ACF0-535FDD7F32D0}.Release|Any CPU.ActiveCfg = Release|Any CPU
		{D619F087-DCA6-495F-ACF0-535FDD7F32D0}.Release|Any CPU.Build.0 = Release|Any CPU
	EndGlobalSection
	GlobalSection(SolutionProperties) = preSolution
		HideSolutionNode = FALSE
	EndGlobalSection
	GlobalSection(ExtensibilityGlobals) = postSolution
		SolutionGuid = {937B6877-6EC3-413C-956E-C8EA780F0208}
	EndGlobalSection
EndGlobal
